
Microsoft Visual Studio Solution File, Format Version 12.00
# Visual Studio Version 16
VisualStudioVersion = 16.0.31829.152
MinimumVisualStudioVersion = 10.0.40219.1
Project("{FAE04EC0-301F-11D3-BF4B-00C04F79EFBC}") = "ConsoleApp", "ConsoleApp\ConsoleApp.csproj", "{833862D2-C9E2-40CE-A050-D2058CCDC160}"
EndProject
Global
	GlobalSection(SolutionConfigurationPlatforms) = preSolution
		Debug|Any CPU = Debug|Any CPU
		Release|Any CPU = Release|Any CPU
	EndGlobalSection
	GlobalSection(ProjectConfigurationPlatforms) = postSolution
		{833862D2-C9E2-40CE-A050-D2058CCDC160}.Debug|Any CPU.ActiveCfg = Debug|Any CPU
		{833862D2-C9E2-40CE-A050-D2058CCDC160}.Debug|Any CPU.Build.0 = Debug|Any CPU
		{833862D2-C9E2-40CE-A050-D2058CCDC160}.Release|Any CPU.ActiveCfg = Release|Any CPU
		{833862D2-C9E2-40CE-A050-D2058CCDC160}.Release|Any CPU.Build.0 = Release|Any CPU
	EndGlobalSection
	GlobalSection(SolutionProperties) = preSolution
		HideSolutionNode = FALSE
	EndGlobalSection
	GlobalSection(ExtensibilityGlobals) = postSolution
		SolutionGuid = {3C8FD0BE-A7F4-4E31-A667-0DFA21C993C0}
	EndGlobalSection
EndGlobal
