
Microsoft Visual Studio Solution File, Format Version 12.00
# Visual Studio Version 17
VisualStudioVersion = 17.0.31903.59
MinimumVisualStudioVersion = 10.0.40219.1
Project("{FAE04EC0-301F-11D3-BF4B-00C04F79EFBC}") = "Web", "Web\Web.csproj", "{E12509D2-5C9B-4F83-92C9-F74FC6872F8E}"
EndProject
Global
	GlobalSection(SolutionConfigurationPlatforms) = preSolution
		Debug|Any CPU = Debug|Any CPU
		Release|Any CPU = Release|Any CPU
	EndGlobalSection
	GlobalSection(ProjectConfigurationPlatforms) = postSolution
		{E12509D2-5C9B-4F83-92C9-F74FC6872F8E}.Debug|Any CPU.ActiveCfg = Debug|Any CPU
		{E12509D2-5C9B-4F83-92C9-F74FC6872F8E}.Debug|Any CPU.Build.0 = Debug|Any CPU
		{E12509D2-5C9B-4F83-92C9-F74FC6872F8E}.Release|Any CPU.ActiveCfg = Release|Any CPU
		{E12509D2-5C9B-4F83-92C9-F74FC6872F8E}.Release|Any CPU.Build.0 = Release|Any CPU
	EndGlobalSection
	GlobalSection(SolutionProperties) = preSolution
		HideSolutionNode = FALSE
	EndGlobalSection
	GlobalSection(ExtensibilityGlobals) = postSolution
		SolutionGuid = {5F092A06-17E7-4B67-89D7-87441A16C24A}
	EndGlobalSection
EndGlobal
