
Microsoft Visual Studio Solution File, Format Version 12.00
# Visual Studio Version 16
VisualStudioVersion = 16.0.31729.503
MinimumVisualStudioVersion = 10.0.40219.1
Project("{FAE04EC0-301F-11D3-BF4B-00C04F79EFBC}") = "1-PrimeiroProjeto", "1-PrimeiroProjeto\1-PrimeiroProjeto.csproj", "{E4B221CA-2A20-44E5-9BE0-304863B2478D}"
EndProject
Project("{FAE04EC0-301F-11D3-BF4B-00C04F79EFBC}") = "2-CriandoVariaveis", "2-CriandoVariaveis\2-CriandoVariaveis.csproj", "{22B9B110-57EB-4829-AC04-A76DEBEFB0CC}"
EndProject
Project("{FAE04EC0-301F-11D3-BF4B-00C04F79EFBC}") = "3-CriandovariaveisPontoFlutuante", "3-CriandovariaveisPontoFlutuante\3-CriandovariaveisPontoFlutuante.csproj", "{8F69E195-CB2D-43EC-B10E-53B91083D817}"
EndProject
Project("{FAE04EC0-301F-11D3-BF4B-00C04F79EFBC}") = "4-ConversaoDeNumeros", "4-ConversaoDeNumeros\4-ConversaoDeNumeros.csproj", "{0BE6A530-DBB7-4928-A99E-E9A7A84138AA}"
EndProject
Project("{FAE04EC0-301F-11D3-BF4B-00C04F79EFBC}") = "5-CaracteresTextos", "5-CaracteresTextos\5-CaracteresTextos.csproj", "{CFF7E2F2-9CED-4285-BC0B-6B395F1B5CAC}"
EndProject
Project("{FAE04EC0-301F-11D3-BF4B-00C04F79EFBC}") = "7-Condições", "7-Condições\7-Condições.csproj", "{0D06991D-4AFE-4FB7-A32A-2343048765CF}"
EndProject
Global
	GlobalSection(SolutionConfigurationPlatforms) = preSolution
		Debug|Any CPU = Debug|Any CPU
		Release|Any CPU = Release|Any CPU
	EndGlobalSection
	GlobalSection(ProjectConfigurationPlatforms) = postSolution
		{E4B221CA-2A20-44E5-9BE0-304863B2478D}.Debug|Any CPU.ActiveCfg = Debug|Any CPU
		{E4B221CA-2A20-44E5-9BE0-304863B2478D}.Debug|Any CPU.Build.0 = Debug|Any CPU
		{E4B221CA-2A20-44E5-9BE0-304863B2478D}.Release|Any CPU.ActiveCfg = Release|Any CPU
		{E4B221CA-2A20-44E5-9BE0-304863B2478D}.Release|Any CPU.Build.0 = Release|Any CPU
		{22B9B110-57EB-4829-AC04-A76DEBEFB0CC}.Debug|Any CPU.ActiveCfg = Debug|Any CPU
		{22B9B110-57EB-4829-AC04-A76DEBEFB0CC}.Debug|Any CPU.Build.0 = Debug|Any CPU
		{22B9B110-57EB-4829-AC04-A76DEBEFB0CC}.Release|Any CPU.ActiveCfg = Release|Any CPU
		{22B9B110-57EB-4829-AC04-A76DEBEFB0CC}.Release|Any CPU.Build.0 = Release|Any CPU
		{8F69E195-CB2D-43EC-B10E-53B91083D817}.Debug|Any CPU.ActiveCfg = Debug|Any CPU
		{8F69E195-CB2D-43EC-B10E-53B91083D817}.Debug|Any CPU.Build.0 = Debug|Any CPU
		{8F69E195-CB2D-43EC-B10E-53B91083D817}.Release|Any CPU.ActiveCfg = Release|Any CPU
		{8F69E195-CB2D-43EC-B10E-53B91083D817}.Release|Any CPU.Build.0 = Release|Any CPU
		{0BE6A530-DBB7-4928-A99E-E9A7A84138AA}.Debug|Any CPU.ActiveCfg = Debug|Any CPU
		{0BE6A530-DBB7-4928-A99E-E9A7A84138AA}.Debug|Any CPU.Build.0 = Debug|Any CPU
		{0BE6A530-DBB7-4928-A99E-E9A7A84138AA}.Release|Any CPU.ActiveCfg = Release|Any CPU
		{0BE6A530-DBB7-4928-A99E-E9A7A84138AA}.Release|Any CPU.Build.0 = Release|Any CPU
		{CFF7E2F2-9CED-4285-BC0B-6B395F1B5CAC}.Debug|Any CPU.ActiveCfg = Debug|Any CPU
		{CFF7E2F2-9CED-4285-BC0B-6B395F1B5CAC}.Debug|Any CPU.Build.0 = Debug|Any CPU
		{CFF7E2F2-9CED-4285-BC0B-6B395F1B5CAC}.Release|Any CPU.ActiveCfg = Release|Any CPU
		{CFF7E2F2-9CED-4285-BC0B-6B395F1B5CAC}.Release|Any CPU.Build.0 = Release|Any CPU
		{0D06991D-4AFE-4FB7-A32A-2343048765CF}.Debug|Any CPU.ActiveCfg = Debug|Any CPU
		{0D06991D-4AFE-4FB7-A32A-2343048765CF}.Debug|Any CPU.Build.0 = Debug|Any CPU
		{0D06991D-4AFE-4FB7-A32A-2343048765CF}.Release|Any CPU.ActiveCfg = Release|Any CPU
		{0D06991D-4AFE-4FB7-A32A-2343048765CF}.Release|Any CPU.Build.0 = Release|Any CPU
	EndGlobalSection
	GlobalSection(SolutionProperties) = preSolution
		HideSolutionNode = FALSE
	EndGlobalSection
	GlobalSection(ExtensibilityGlobals) = postSolution
		SolutionGuid = {86C3F351-D44F-452C-B16D-164F9868512B}
	EndGlobalSection
EndGlobal
